devDependencies:
  '@recodable/prettier-config': 1.0.1
lockfileVersion: 5.2
packages:
  /@recodable/prettier-config/1.0.1:
    dev: true
    resolution:
      integrity: sha512-Q2wDM/HekzqVwa2I8OxYA4Ars2vpcFDKYme6jFduS/9hoQIXdE2AItpQZA0g1U52BYNBzJO41fD8lYpBypDjlg==
specifiers:
  '@recodable/prettier-config': ^1.0.1
